
Microsoft Visual Studio Solution File, Format Version 12.00
# Visual Studio Version 17
VisualStudioVersion = 17.5.33424.131
MinimumVisualStudioVersion = 10.0.40219.1
Project("{FAE04EC0-301F-11D3-BF4B-00C04F79EFBC}") = "T_2_OXOOBF.Android", "T_2_OXOOBF.Android\T_2_OXOOBF.Android.csproj", "{5A0555D2-6BF8-4616-994D-64B112C691BD}"
EndProject
Project("{9A19103F-16F7-4668-BE54-9A1E7A4F7556}") = "Raktarkezelo_Android", "T_2_OXOOBF\Raktarkezelo_Android.csproj", "{8575B2EA-C120-4A0C-9E5C-010A10AEAE6B}"
EndProject
Global
	GlobalSection(SolutionConfigurationPlatforms) = preSolution
		Debug|Any CPU = Debug|Any CPU
		Release|Any CPU = Release|Any CPU
	EndGlobalSection
	GlobalSection(ProjectConfigurationPlatforms) = postSolution
		{5A0555D2-6BF8-4616-994D-64B112C691BD}.Debug|Any CPU.ActiveCfg = Debug|Any CPU
		{5A0555D2-6BF8-4616-994D-64B112C691BD}.Debug|Any CPU.Build.0 = Debug|Any CPU
		{5A0555D2-6BF8-4616-994D-64B112C691BD}.Debug|Any CPU.Deploy.0 = Debug|Any CPU
		{5A0555D2-6BF8-4616-994D-64B112C691BD}.Release|Any CPU.ActiveCfg = Release|Any CPU
		{5A0555D2-6BF8-4616-994D-64B112C691BD}.Release|Any CPU.Build.0 = Release|Any CPU
		{5A0555D2-6BF8-4616-994D-64B112C691BD}.Release|Any CPU.Deploy.0 = Release|Any CPU
		{8575B2EA-C120-4A0C-9E5C-010A10AEAE6B}.Debug|Any CPU.ActiveCfg = Debug|Any CPU
		{8575B2EA-C120-4A0C-9E5C-010A10AEAE6B}.Debug|Any CPU.Build.0 = Debug|Any CPU
		{8575B2EA-C120-4A0C-9E5C-010A10AEAE6B}.Debug|Any CPU.Deploy.0 = Debug|Any CPU
		{8575B2EA-C120-4A0C-9E5C-010A10AEAE6B}.Release|Any CPU.ActiveCfg = Release|Any CPU
		{8575B2EA-C120-4A0C-9E5C-010A10AEAE6B}.Release|Any CPU.Build.0 = Release|Any CPU
		{8575B2EA-C120-4A0C-9E5C-010A10AEAE6B}.Release|Any CPU.Deploy.0 = Release|Any CPU
	EndGlobalSection
	GlobalSection(SolutionProperties) = preSolution
		HideSolutionNode = FALSE
	EndGlobalSection
	GlobalSection(ExtensibilityGlobals) = postSolution
		SolutionGuid = {06135E52-BB6D-480C-8D95-6FBEEB3389B4}
	EndGlobalSection
EndGlobal
